
Microsoft Visual Studio Solution File, Format Version 12.00
# Visual Studio Version 17
VisualStudioVersion = 17.8.34511.84
MinimumVisualStudioVersion = 10.0.40219.1
Project("{FAE04EC0-301F-11D3-BF4B-00C04F79EFBC}") = "Admin-App", "Admin-App\Admin-App.csproj", "{17AFB84F-54DF-4165-8514-45C14CC1D93C}"
EndProject
Global
	GlobalSection(SolutionConfigurationPlatforms) = preSolution
		Debug|Any CPU = Debug|Any CPU
		Release|Any CPU = Release|Any CPU
	EndGlobalSection
	GlobalSection(ProjectConfigurationPlatforms) = postSolution
		{17AFB84F-54DF-4165-8514-45C14CC1D93C}.Debug|Any CPU.ActiveCfg = Debug|Any CPU
		{17AFB84F-54DF-4165-8514-45C14CC1D93C}.Debug|Any CPU.Build.0 = Debug|Any CPU
		{17AFB84F-54DF-4165-8514-45C14CC1D93C}.Release|Any CPU.ActiveCfg = Release|Any CPU
		{17AFB84F-54DF-4165-8514-45C14CC1D93C}.Release|Any CPU.Build.0 = Release|Any CPU
	EndGlobalSection
	GlobalSection(SolutionProperties) = preSolution
		HideSolutionNode = FALSE
	EndGlobalSection
	GlobalSection(ExtensibilityGlobals) = postSolution
		SolutionGuid = {5FEF4192-BFA7-4252-B5D4-FD83866CD36A}
	EndGlobalSection
EndGlobal
